
Microsoft Visual Studio Solution File, Format Version 12.00
# Visual Studio Version 17
VisualStudioVersion = 17.0.31903.59
MinimumVisualStudioVersion = 10.0.40219.1
Project("{FAE04EC0-301F-11D3-BF4B-00C04F79EFBC}") = "BackOfficeBlazor.Shared", "BackOfficeBlazor.Shared\BackOfficeBlazor.Shared.csproj", "{D4860461-EB39-4363-A2AE-89AFFA46BD6C}"
EndProject
Project("{FAE04EC0-301F-11D3-BF4B-00C04F79EFBC}") = "BackOfficeBlazor.Admin", "BackOfficeBlazor.Admin\BackOfficeBlazor.Admin.csproj", "{31E0D318-35AA-4DED-BDB6-BA91EDB463A4}"
EndProject
Project("{FAE04EC0-301F-11D3-BF4B-00C04F79EFBC}") = "POSAPI", "POSAPI\POSAPI.csproj", "{CA8472D7-D201-4436-9528-813D641A6AC0}"
EndProject
Project("{FAE04EC0-301F-11D3-BF4B-00C04F79EFBC}") = "POS.UI", "POS.UI\POS.UI.csproj", "{8E180F5E-B93E-4E70-8697-97B277924BE3}"
EndProject
Global
	GlobalSection(SolutionConfigurationPlatforms) = preSolution
		Debug|Any CPU = Debug|Any CPU
		Debug|x64 = Debug|x64
		Debug|x86 = Debug|x86
		Release|Any CPU = Release|Any CPU
		Release|x64 = Release|x64
		Release|x86 = Release|x86
	EndGlobalSection
	GlobalSection(ProjectConfigurationPlatforms) = postSolution
		{D4860461-EB39-4363-A2AE-89AFFA46BD6C}.Debug|Any CPU.ActiveCfg = Debug|Any CPU
		{D4860461-EB39-4363-A2AE-89AFFA46BD6C}.Debug|Any CPU.Build.0 = Debug|Any CPU
		{D4860461-EB39-4363-A2AE-89AFFA46BD6C}.Debug|x64.ActiveCfg = Debug|Any CPU
		{D4860461-EB39-4363-A2AE-89AFFA46BD6C}.Debug|x64.Build.0 = Debug|Any CPU
		{D4860461-EB39-4363-A2AE-89AFFA46BD6C}.Debug|x86.ActiveCfg = Debug|Any CPU
		{D4860461-EB39-4363-A2AE-89AFFA46BD6C}.Debug|x86.Build.0 = Debug|Any CPU
		{D4860461-EB39-4363-A2AE-89AFFA46BD6C}.Release|Any CPU.ActiveCfg = Release|Any CPU
		{D4860461-EB39-4363-A2AE-89AFFA46BD6C}.Release|Any CPU.Build.0 = Release|Any CPU
		{D4860461-EB39-4363-A2AE-89AFFA46BD6C}.Release|x64.ActiveCfg = Release|Any CPU
		{D4860461-EB39-4363-A2AE-89AFFA46BD6C}.Release|x64.Build.0 = Release|Any CPU
		{D4860461-EB39-4363-A2AE-89AFFA46BD6C}.Release|x86.ActiveCfg = Release|Any CPU
		{D4860461-EB39-4363-A2AE-89AFFA46BD6C}.Release|x86.Build.0 = Release|Any CPU
		{31E0D318-35AA-4DED-BDB6-BA91EDB463A4}.Debug|Any CPU.ActiveCfg = Debug|Any CPU
		{31E0D318-35AA-4DED-BDB6-BA91EDB463A4}.Debug|Any CPU.Build.0 = Debug|Any CPU
		{31E0D318-35AA-4DED-BDB6-BA91EDB463A4}.Debug|x64.ActiveCfg = Debug|Any CPU
		{31E0D318-35AA-4DED-BDB6-BA91EDB463A4}.Debug|x64.Build.0 = Debug|Any CPU
		{31E0D318-35AA-4DED-BDB6-BA91EDB463A4}.Debug|x86.ActiveCfg = Debug|Any CPU
		{31E0D318-35AA-4DED-BDB6-BA91EDB463A4}.Debug|x86.Build.0 = Debug|Any CPU
		{31E0D318-35AA-4DED-BDB6-BA91EDB463A4}.Release|Any CPU.ActiveCfg = Release|Any CPU
		{31E0D318-35AA-4DED-BDB6-BA91EDB463A4}.Release|Any CPU.Build.0 = Release|Any CPU
		{31E0D318-35AA-4DED-BDB6-BA91EDB463A4}.Release|x64.ActiveCfg = Release|Any CPU
		{31E0D318-35AA-4DED-BDB6-BA91EDB463A4}.Release|x64.Build.0 = Release|Any CPU
		{31E0D318-35AA-4DED-BDB6-BA91EDB463A4}.Release|x86.ActiveCfg = Release|Any CPU
		{31E0D318-35AA-4DED-BDB6-BA91EDB463A4}.Release|x86.Build.0 = Release|Any CPU
		{CA8472D7-D201-4436-9528-813D641A6AC0}.Debug|Any CPU.ActiveCfg = Debug|Any CPU
		{CA8472D7-D201-4436-9528-813D641A6AC0}.Debug|Any CPU.Build.0 = Debug|Any CPU
		{CA8472D7-D201-4436-9528-813D641A6AC0}.Debug|x64.ActiveCfg = Debug|Any CPU
		{CA8472D7-D201-4436-9528-813D641A6AC0}.Debug|x64.Build.0 = Debug|Any CPU
		{CA8472D7-D201-4436-9528-813D641A6AC0}.Debug|x86.ActiveCfg = Debug|Any CPU
		{CA8472D7-D201-4436-9528-813D641A6AC0}.Debug|x86.Build.0 = Debug|Any CPU
		{CA8472D7-D201-4436-9528-813D641A6AC0}.Release|Any CPU.ActiveCfg = Release|Any CPU
		{CA8472D7-D201-4436-9528-813D641A6AC0}.Release|Any CPU.Build.0 = Release|Any CPU
		{CA8472D7-D201-4436-9528-813D641A6AC0}.Release|x64.ActiveCfg = Release|Any CPU
		{CA8472D7-D201-4436-9528-813D641A6AC0}.Release|x64.Build.0 = Release|Any CPU
		{CA8472D7-D201-4436-9528-813D641A6AC0}.Release|x86.ActiveCfg = Release|Any CPU
		{CA8472D7-D201-4436-9528-813D641A6AC0}.Release|x86.Build.0 = Release|Any CPU
		{8E180F5E-B93E-4E70-8697-97B277924BE3}.Debug|Any CPU.ActiveCfg = Debug|Any CPU
		{8E180F5E-B93E-4E70-8697-97B277924BE3}.Debug|Any CPU.Build.0 = Debug|Any CPU
		{8E180F5E-B93E-4E70-8697-97B277924BE3}.Debug|x64.ActiveCfg = Debug|Any CPU
		{8E180F5E-B93E-4E70-8697-97B277924BE3}.Debug|x64.Build.0 = Debug|Any CPU
		{8E180F5E-B93E-4E70-8697-97B277924BE3}.Debug|x86.ActiveCfg = Debug|Any CPU
		{8E180F5E-B93E-4E70-8697-97B277924BE3}.Debug|x86.Build.0 = Debug|Any CPU
		{8E180F5E-B93E-4E70-8697-97B277924BE3}.Release|Any CPU.ActiveCfg = Release|Any CPU
		{8E180F5E-B93E-4E70-8697-97B277924BE3}.Release|Any CPU.Build.0 = Release|Any CPU
		{8E180F5E-B93E-4E70-8697-97B277924BE3}.Release|x64.ActiveCfg = Release|Any CPU
		{8E180F5E-B93E-4E70-8697-97B277924BE3}.Release|x64.Build.0 = Release|Any CPU
		{8E180F5E-B93E-4E70-8697-97B277924BE3}.Release|x86.ActiveCfg = Release|Any CPU
		{8E180F5E-B93E-4E70-8697-97B277924BE3}.Release|x86.Build.0 = Release|Any CPU
	EndGlobalSection
	GlobalSection(SolutionProperties) = preSolution
		HideSolutionNode = FALSE
	EndGlobalSection
	GlobalSection(ExtensibilityGlobals) = postSolution
		SolutionGuid = {61B8516B-105B-4421-9E23-C013F1AD7CDF}
	EndGlobalSection
EndGlobal
